
Microsoft Visual Studio Solution File, Format Version 12.00
Project("{FAE04EC0-301F-11D3-BF4B-00C04F79EFBC}") = "BRADx", "BRADx\BRADx.csproj", "{B61C67A6-FE83-4436-A16B-7E177271D851}"
EndProject
Project("{2150E333-8FDC-42A3-9474-1A3956D46DE8}") = "Solution Items", "Solution Items", "{8BA81C7C-9A84-4920-806E-3A1F7FF833D4}"
	ProjectSection(SolutionItems) = preProject
		compose.yaml = compose.yaml
	EndProjectSection
EndProject
Project("{2150E333-8FDC-42A3-9474-1A3956D46DE8}") = "Services", "Services", "{F6150F02-B135-42CB-AFD9-30FC87850774}"
EndProject
Project("{FAE04EC0-301F-11D3-BF4B-00C04F79EFBC}") = "InstrumentSchedulerService", "InstrumentSchedulerService\InstrumentSchedulerService.csproj", "{C55F2243-4273-4970-90C9-8AE655D513F3}"
EndProject
Project("{2150E333-8FDC-42A3-9474-1A3956D46DE8}") = "Core", "Core", "{195C7661-0A8E-4465-A05C-6D94F329C31C}"
EndProject
Project("{FAE04EC0-301F-11D3-BF4B-00C04F79EFBC}") = "Protocols", "Protocols\Protocols.csproj", "{42C702A4-E22C-4128-B80D-79DDE737EF32}"
EndProject
Project("{2150E333-8FDC-42A3-9474-1A3956D46DE8}") = "Tests", "Tests", "{5F6C7FF6-B076-4E4C-8443-70D253E09B56}"
EndProject
Project("{FAE04EC0-301F-11D3-BF4B-00C04F79EFBC}") = "BRADxTester", "BRADxTester\BRADxTester.csproj", "{1781CBDE-7AD2-487D-A963-300E2A70D6EA}"
EndProject
Project("{FAE04EC0-301F-11D3-BF4B-00C04F79EFBC}") = "Rules", "Rules\Rules.csproj", "{962E7946-8A43-4860-B30C-F04AFBD7A1F6}"
EndProject
Project("{FAE04EC0-301F-11D3-BF4B-00C04F79EFBC}") = "Commands", "Commands\Commands.csproj", "{9774FF2A-F80E-4AF3-AF11-92D4D7E64280}"
EndProject
Project("{FAE04EC0-301F-11D3-BF4B-00C04F79EFBC}") = "InstrumentControlService", "InstrumentControlService\InstrumentControlService.csproj", "{76A95E75-0A21-4413-AD1E-83F692368404}"
EndProject
Project("{FAE04EC0-301F-11D3-BF4B-00C04F79EFBC}") = "InstrumentControlWebApi", "InstrumentControlWebApi\InstrumentControlWebApi.csproj", "{AF56F383-AC28-4C0E-9846-846C99AB3951}"
EndProject
Project("{2150E333-8FDC-42A3-9474-1A3956D46DE8}") = "API", "API", "{66CEBC0A-234B-4265-A2AB-85ABEA1CFE63}"
EndProject
Project("{FAE04EC0-301F-11D3-BF4B-00C04F79EFBC}") = "StateMachines", "StateMachines\StateMachines.csproj", "{B7A51C71-749C-4445-AF3B-FB5D15CBE90B}"
EndProject
Project("{FAE04EC0-301F-11D3-BF4B-00C04F79EFBC}") = "Controllers", "Controllers\Controllers.csproj", "{9B6830CE-C59D-4E50-A0DE-6F17C4181166}"
EndProject
Project("{FAE04EC0-301F-11D3-BF4B-00C04F79EFBC}") = "Configurations", "Configurations\Configurations.csproj", "{E776ECCC-706F-40B0-85ED-D5F1E563D2ED}"
EndProject
Project("{FAE04EC0-301F-11D3-BF4B-00C04F79EFBC}") = "Logging", "Logging\Logging.csproj", "{148C8529-EDB3-4FBF-B4F3-61F24057898C}"
EndProject
Project("{FAE04EC0-301F-11D3-BF4B-00C04F79EFBC}") = "IO", "IO\IO.csproj", "{BDF9A5B5-0C7A-4680-81A7-405751BF5834}"
EndProject
Project("{2150E333-8FDC-42A3-9474-1A3956D46DE8}") = "Hardware", "Hardware", "{CFFDD93E-87D1-4DD5-9C38-088B23C78A0C}"
EndProject
Project("{FAE04EC0-301F-11D3-BF4B-00C04F79EFBC}") = "Factories", "Factories\Factories.csproj", "{152EB797-F515-4F7E-B284-2E0B5EC99AE6}"
EndProject
Project("{FAE04EC0-301F-11D3-BF4B-00C04F79EFBC}") = "Camera", "Camera\Camera.csproj", "{DD2C22C8-7572-4337-8ECB-D252A58AF2EF}"
EndProject
Project("{FAE04EC0-301F-11D3-BF4B-00C04F79EFBC}") = "Core", "Core\Core.csproj", "{95A77BE5-F3F9-4066-A0A8-DEC9E9EFB96A}"
EndProject
Project("{FAE04EC0-301F-11D3-BF4B-00C04F79EFBC}") = "Communications", "Communications\Communications.csproj", "{1E4A33B7-5DD4-4EEA-8793-74243611DEC7}"
EndProject
Project("{FAE04EC0-301F-11D3-BF4B-00C04F79EFBC}") = "ImageAnalysisService", "ImageAnalysisService\ImageAnalysisService.csproj", "{0F58F1E3-355C-4B08-B8F4-FD487BFF6C79}"
EndProject
Project("{FAE04EC0-301F-11D3-BF4B-00C04F79EFBC}") = "ImageAnalysisWebApi", "ImageAnalysisWebApi\ImageAnalysisWebApi.csproj", "{7ED20576-BA40-474C-9F49-AA24828BB8B9}"
EndProject
Project("{FAE04EC0-301F-11D3-BF4B-00C04F79EFBC}") = "Extensions", "Extensions\Extensions.csproj", "{80D5D57C-75EC-4DFC-B96C-572BAD1C7BB1}"
EndProject
Project("{FAE04EC0-301F-11D3-BF4B-00C04F79EFBC}") = "PreAmpThermocycler", "PreAmpThermocycler\PreAmpThermocycler.csproj", "{FA77E3F3-2255-471D-8794-B0CC43E93E2B}"
EndProject
Project("{FAE04EC0-301F-11D3-BF4B-00C04F79EFBC}") = "Chiller", "Chiller\Chiller.csproj", "{CF4FA0B6-FCD3-4312-B94F-F9450162CEF2}"
EndProject
Project("{FAE04EC0-301F-11D3-BF4B-00C04F79EFBC}") = "HeaterShaker", "HeaterShaker\HeaterShaker.csproj", "{FD76D2A3-DE4C-45BE-BD1B-A1980E4F76DB}"
EndProject
Project("{FAE04EC0-301F-11D3-BF4B-00C04F79EFBC}") = "MagSeparator", "MagSeparator\MagSeparator.csproj", "{8B301F95-C931-476B-AE0F-62AD5E4A3517}"
EndProject
Project("{FAE04EC0-301F-11D3-BF4B-00C04F79EFBC}") = "Motor", "Motor\Motor.csproj", "{4C816C86-E177-476E-B48B-BADE7A0C22A9}"
EndProject
Project("{FAE04EC0-301F-11D3-BF4B-00C04F79EFBC}") = "LedBoard", "LedBoard\LedBoard.csproj", "{7B3AB14A-A0F7-4885-9696-601DF5370A23}"
EndProject
Project("{FAE04EC0-301F-11D3-BF4B-00C04F79EFBC}") = "ValveBoard", "ValveBoard\ValveBoard.csproj", "{E0622074-B0EA-407E-8DFE-975BC1C603E2}"
EndProject
Project("{FAE04EC0-301F-11D3-BF4B-00C04F79EFBC}") = "PipetteHead", "PipetteHead\PipetteHead.csproj", "{42A34418-9507-4EC6-A463-299FA5644A6F}"
EndProject
Global
	GlobalSection(SolutionConfigurationPlatforms) = preSolution
		Debug|Any CPU = Debug|Any CPU
		Release|Any CPU = Release|Any CPU
	EndGlobalSection
	GlobalSection(ProjectConfigurationPlatforms) = postSolution
		{B61C67A6-FE83-4436-A16B-7E177271D851}.Debug|Any CPU.ActiveCfg = Debug|Any CPU
		{B61C67A6-FE83-4436-A16B-7E177271D851}.Debug|Any CPU.Build.0 = Debug|Any CPU
		{B61C67A6-FE83-4436-A16B-7E177271D851}.Release|Any CPU.ActiveCfg = Release|Any CPU
		{B61C67A6-FE83-4436-A16B-7E177271D851}.Release|Any CPU.Build.0 = Release|Any CPU
		{C55F2243-4273-4970-90C9-8AE655D513F3}.Debug|Any CPU.ActiveCfg = Debug|Any CPU
		{C55F2243-4273-4970-90C9-8AE655D513F3}.Debug|Any CPU.Build.0 = Debug|Any CPU
		{C55F2243-4273-4970-90C9-8AE655D513F3}.Release|Any CPU.ActiveCfg = Release|Any CPU
		{C55F2243-4273-4970-90C9-8AE655D513F3}.Release|Any CPU.Build.0 = Release|Any CPU
		{42C702A4-E22C-4128-B80D-79DDE737EF32}.Debug|Any CPU.ActiveCfg = Debug|Any CPU
		{42C702A4-E22C-4128-B80D-79DDE737EF32}.Debug|Any CPU.Build.0 = Debug|Any CPU
		{42C702A4-E22C-4128-B80D-79DDE737EF32}.Release|Any CPU.ActiveCfg = Release|Any CPU
		{42C702A4-E22C-4128-B80D-79DDE737EF32}.Release|Any CPU.Build.0 = Release|Any CPU
		{1781CBDE-7AD2-487D-A963-300E2A70D6EA}.Debug|Any CPU.ActiveCfg = Debug|Any CPU
		{1781CBDE-7AD2-487D-A963-300E2A70D6EA}.Debug|Any CPU.Build.0 = Debug|Any CPU
		{1781CBDE-7AD2-487D-A963-300E2A70D6EA}.Release|Any CPU.ActiveCfg = Release|Any CPU
		{1781CBDE-7AD2-487D-A963-300E2A70D6EA}.Release|Any CPU.Build.0 = Release|Any CPU
		{962E7946-8A43-4860-B30C-F04AFBD7A1F6}.Debug|Any CPU.ActiveCfg = Debug|Any CPU
		{962E7946-8A43-4860-B30C-F04AFBD7A1F6}.Debug|Any CPU.Build.0 = Debug|Any CPU
		{962E7946-8A43-4860-B30C-F04AFBD7A1F6}.Release|Any CPU.ActiveCfg = Release|Any CPU
		{962E7946-8A43-4860-B30C-F04AFBD7A1F6}.Release|Any CPU.Build.0 = Release|Any CPU
		{9774FF2A-F80E-4AF3-AF11-92D4D7E64280}.Debug|Any CPU.ActiveCfg = Debug|Any CPU
		{9774FF2A-F80E-4AF3-AF11-92D4D7E64280}.Debug|Any CPU.Build.0 = Debug|Any CPU
		{9774FF2A-F80E-4AF3-AF11-92D4D7E64280}.Release|Any CPU.ActiveCfg = Release|Any CPU
		{9774FF2A-F80E-4AF3-AF11-92D4D7E64280}.Release|Any CPU.Build.0 = Release|Any CPU
		{76A95E75-0A21-4413-AD1E-83F692368404}.Debug|Any CPU.ActiveCfg = Debug|Any CPU
		{76A95E75-0A21-4413-AD1E-83F692368404}.Debug|Any CPU.Build.0 = Debug|Any CPU
		{76A95E75-0A21-4413-AD1E-83F692368404}.Release|Any CPU.ActiveCfg = Release|Any CPU
		{76A95E75-0A21-4413-AD1E-83F692368404}.Release|Any CPU.Build.0 = Release|Any CPU
		{AF56F383-AC28-4C0E-9846-846C99AB3951}.Debug|Any CPU.ActiveCfg = Debug|Any CPU
		{AF56F383-AC28-4C0E-9846-846C99AB3951}.Debug|Any CPU.Build.0 = Debug|Any CPU
		{AF56F383-AC28-4C0E-9846-846C99AB3951}.Release|Any CPU.ActiveCfg = Release|Any CPU
		{AF56F383-AC28-4C0E-9846-846C99AB3951}.Release|Any CPU.Build.0 = Release|Any CPU
		{B7A51C71-749C-4445-AF3B-FB5D15CBE90B}.Debug|Any CPU.ActiveCfg = Debug|Any CPU
		{B7A51C71-749C-4445-AF3B-FB5D15CBE90B}.Debug|Any CPU.Build.0 = Debug|Any CPU
		{B7A51C71-749C-4445-AF3B-FB5D15CBE90B}.Release|Any CPU.ActiveCfg = Release|Any CPU
		{B7A51C71-749C-4445-AF3B-FB5D15CBE90B}.Release|Any CPU.Build.0 = Release|Any CPU
		{9B6830CE-C59D-4E50-A0DE-6F17C4181166}.Debug|Any CPU.ActiveCfg = Debug|Any CPU
		{9B6830CE-C59D-4E50-A0DE-6F17C4181166}.Debug|Any CPU.Build.0 = Debug|Any CPU
		{9B6830CE-C59D-4E50-A0DE-6F17C4181166}.Release|Any CPU.ActiveCfg = Release|Any CPU
		{9B6830CE-C59D-4E50-A0DE-6F17C4181166}.Release|Any CPU.Build.0 = Release|Any CPU
		{E776ECCC-706F-40B0-85ED-D5F1E563D2ED}.Debug|Any CPU.ActiveCfg = Debug|Any CPU
		{E776ECCC-706F-40B0-85ED-D5F1E563D2ED}.Debug|Any CPU.Build.0 = Debug|Any CPU
		{E776ECCC-706F-40B0-85ED-D5F1E563D2ED}.Release|Any CPU.ActiveCfg = Release|Any CPU
		{E776ECCC-706F-40B0-85ED-D5F1E563D2ED}.Release|Any CPU.Build.0 = Release|Any CPU
		{148C8529-EDB3-4FBF-B4F3-61F24057898C}.Debug|Any CPU.ActiveCfg = Debug|Any CPU
		{148C8529-EDB3-4FBF-B4F3-61F24057898C}.Debug|Any CPU.Build.0 = Debug|Any CPU
		{148C8529-EDB3-4FBF-B4F3-61F24057898C}.Release|Any CPU.ActiveCfg = Release|Any CPU
		{148C8529-EDB3-4FBF-B4F3-61F24057898C}.Release|Any CPU.Build.0 = Release|Any CPU
		{BDF9A5B5-0C7A-4680-81A7-405751BF5834}.Debug|Any CPU.ActiveCfg = Debug|Any CPU
		{BDF9A5B5-0C7A-4680-81A7-405751BF5834}.Debug|Any CPU.Build.0 = Debug|Any CPU
		{BDF9A5B5-0C7A-4680-81A7-405751BF5834}.Release|Any CPU.ActiveCfg = Release|Any CPU
		{BDF9A5B5-0C7A-4680-81A7-405751BF5834}.Release|Any CPU.Build.0 = Release|Any CPU
		{152EB797-F515-4F7E-B284-2E0B5EC99AE6}.Debug|Any CPU.ActiveCfg = Debug|Any CPU
		{152EB797-F515-4F7E-B284-2E0B5EC99AE6}.Debug|Any CPU.Build.0 = Debug|Any CPU
		{152EB797-F515-4F7E-B284-2E0B5EC99AE6}.Release|Any CPU.ActiveCfg = Release|Any CPU
		{152EB797-F515-4F7E-B284-2E0B5EC99AE6}.Release|Any CPU.Build.0 = Release|Any CPU
		{DD2C22C8-7572-4337-8ECB-D252A58AF2EF}.Debug|Any CPU.ActiveCfg = Debug|Any CPU
		{DD2C22C8-7572-4337-8ECB-D252A58AF2EF}.Debug|Any CPU.Build.0 = Debug|Any CPU
		{DD2C22C8-7572-4337-8ECB-D252A58AF2EF}.Release|Any CPU.ActiveCfg = Release|Any CPU
		{DD2C22C8-7572-4337-8ECB-D252A58AF2EF}.Release|Any CPU.Build.0 = Release|Any CPU
		{95A77BE5-F3F9-4066-A0A8-DEC9E9EFB96A}.Debug|Any CPU.ActiveCfg = Debug|Any CPU
		{95A77BE5-F3F9-4066-A0A8-DEC9E9EFB96A}.Debug|Any CPU.Build.0 = Debug|Any CPU
		{95A77BE5-F3F9-4066-A0A8-DEC9E9EFB96A}.Release|Any CPU.ActiveCfg = Release|Any CPU
		{95A77BE5-F3F9-4066-A0A8-DEC9E9EFB96A}.Release|Any CPU.Build.0 = Release|Any CPU
		{1E4A33B7-5DD4-4EEA-8793-74243611DEC7}.Debug|Any CPU.ActiveCfg = Debug|Any CPU
		{1E4A33B7-5DD4-4EEA-8793-74243611DEC7}.Debug|Any CPU.Build.0 = Debug|Any CPU
		{1E4A33B7-5DD4-4EEA-8793-74243611DEC7}.Release|Any CPU.ActiveCfg = Release|Any CPU
		{1E4A33B7-5DD4-4EEA-8793-74243611DEC7}.Release|Any CPU.Build.0 = Release|Any CPU
		{0F58F1E3-355C-4B08-B8F4-FD487BFF6C79}.Debug|Any CPU.ActiveCfg = Debug|Any CPU
		{0F58F1E3-355C-4B08-B8F4-FD487BFF6C79}.Debug|Any CPU.Build.0 = Debug|Any CPU
		{0F58F1E3-355C-4B08-B8F4-FD487BFF6C79}.Release|Any CPU.ActiveCfg = Release|Any CPU
		{0F58F1E3-355C-4B08-B8F4-FD487BFF6C79}.Release|Any CPU.Build.0 = Release|Any CPU
		{7ED20576-BA40-474C-9F49-AA24828BB8B9}.Debug|Any CPU.ActiveCfg = Debug|Any CPU
		{7ED20576-BA40-474C-9F49-AA24828BB8B9}.Debug|Any CPU.Build.0 = Debug|Any CPU
		{7ED20576-BA40-474C-9F49-AA24828BB8B9}.Release|Any CPU.ActiveCfg = Release|Any CPU
		{7ED20576-BA40-474C-9F49-AA24828BB8B9}.Release|Any CPU.Build.0 = Release|Any CPU
		{80D5D57C-75EC-4DFC-B96C-572BAD1C7BB1}.Debug|Any CPU.ActiveCfg = Debug|Any CPU
		{80D5D57C-75EC-4DFC-B96C-572BAD1C7BB1}.Debug|Any CPU.Build.0 = Debug|Any CPU
		{80D5D57C-75EC-4DFC-B96C-572BAD1C7BB1}.Release|Any CPU.ActiveCfg = Release|Any CPU
		{80D5D57C-75EC-4DFC-B96C-572BAD1C7BB1}.Release|Any CPU.Build.0 = Release|Any CPU
		{FA77E3F3-2255-471D-8794-B0CC43E93E2B}.Debug|Any CPU.ActiveCfg = Debug|Any CPU
		{FA77E3F3-2255-471D-8794-B0CC43E93E2B}.Debug|Any CPU.Build.0 = Debug|Any CPU
		{FA77E3F3-2255-471D-8794-B0CC43E93E2B}.Release|Any CPU.ActiveCfg = Release|Any CPU
		{FA77E3F3-2255-471D-8794-B0CC43E93E2B}.Release|Any CPU.Build.0 = Release|Any CPU
		{CF4FA0B6-FCD3-4312-B94F-F9450162CEF2}.Debug|Any CPU.ActiveCfg = Debug|Any CPU
		{CF4FA0B6-FCD3-4312-B94F-F9450162CEF2}.Debug|Any CPU.Build.0 = Debug|Any CPU
		{CF4FA0B6-FCD3-4312-B94F-F9450162CEF2}.Release|Any CPU.ActiveCfg = Release|Any CPU
		{CF4FA0B6-FCD3-4312-B94F-F9450162CEF2}.Release|Any CPU.Build.0 = Release|Any CPU
		{FD76D2A3-DE4C-45BE-BD1B-A1980E4F76DB}.Debug|Any CPU.ActiveCfg = Debug|Any CPU
		{FD76D2A3-DE4C-45BE-BD1B-A1980E4F76DB}.Debug|Any CPU.Build.0 = Debug|Any CPU
		{FD76D2A3-DE4C-45BE-BD1B-A1980E4F76DB}.Release|Any CPU.ActiveCfg = Release|Any CPU
		{FD76D2A3-DE4C-45BE-BD1B-A1980E4F76DB}.Release|Any CPU.Build.0 = Release|Any CPU
		{8B301F95-C931-476B-AE0F-62AD5E4A3517}.Debug|Any CPU.ActiveCfg = Debug|Any CPU
		{8B301F95-C931-476B-AE0F-62AD5E4A3517}.Debug|Any CPU.Build.0 = Debug|Any CPU
		{8B301F95-C931-476B-AE0F-62AD5E4A3517}.Release|Any CPU.ActiveCfg = Release|Any CPU
		{8B301F95-C931-476B-AE0F-62AD5E4A3517}.Release|Any CPU.Build.0 = Release|Any CPU
		{4C816C86-E177-476E-B48B-BADE7A0C22A9}.Debug|Any CPU.ActiveCfg = Debug|Any CPU
		{4C816C86-E177-476E-B48B-BADE7A0C22A9}.Debug|Any CPU.Build.0 = Debug|Any CPU
		{4C816C86-E177-476E-B48B-BADE7A0C22A9}.Release|Any CPU.ActiveCfg = Release|Any CPU
		{4C816C86-E177-476E-B48B-BADE7A0C22A9}.Release|Any CPU.Build.0 = Release|Any CPU
		{7B3AB14A-A0F7-4885-9696-601DF5370A23}.Debug|Any CPU.ActiveCfg = Debug|Any CPU
		{7B3AB14A-A0F7-4885-9696-601DF5370A23}.Debug|Any CPU.Build.0 = Debug|Any CPU
		{7B3AB14A-A0F7-4885-9696-601DF5370A23}.Release|Any CPU.ActiveCfg = Release|Any CPU
		{7B3AB14A-A0F7-4885-9696-601DF5370A23}.Release|Any CPU.Build.0 = Release|Any CPU
		{E0622074-B0EA-407E-8DFE-975BC1C603E2}.Debug|Any CPU.ActiveCfg = Debug|Any CPU
		{E0622074-B0EA-407E-8DFE-975BC1C603E2}.Debug|Any CPU.Build.0 = Debug|Any CPU
		{E0622074-B0EA-407E-8DFE-975BC1C603E2}.Release|Any CPU.ActiveCfg = Release|Any CPU
		{E0622074-B0EA-407E-8DFE-975BC1C603E2}.Release|Any CPU.Build.0 = Release|Any CPU
		{42A34418-9507-4EC6-A463-299FA5644A6F}.Debug|Any CPU.ActiveCfg = Debug|Any CPU
		{42A34418-9507-4EC6-A463-299FA5644A6F}.Debug|Any CPU.Build.0 = Debug|Any CPU
		{42A34418-9507-4EC6-A463-299FA5644A6F}.Release|Any CPU.ActiveCfg = Release|Any CPU
		{42A34418-9507-4EC6-A463-299FA5644A6F}.Release|Any CPU.Build.0 = Release|Any CPU
	EndGlobalSection
	GlobalSection(NestedProjects) = preSolution
		{C55F2243-4273-4970-90C9-8AE655D513F3} = {F6150F02-B135-42CB-AFD9-30FC87850774}
		{42C702A4-E22C-4128-B80D-79DDE737EF32} = {195C7661-0A8E-4465-A05C-6D94F329C31C}
		{1781CBDE-7AD2-487D-A963-300E2A70D6EA} = {5F6C7FF6-B076-4E4C-8443-70D253E09B56}
		{962E7946-8A43-4860-B30C-F04AFBD7A1F6} = {195C7661-0A8E-4465-A05C-6D94F329C31C}
		{9774FF2A-F80E-4AF3-AF11-92D4D7E64280} = {195C7661-0A8E-4465-A05C-6D94F329C31C}
		{76A95E75-0A21-4413-AD1E-83F692368404} = {F6150F02-B135-42CB-AFD9-30FC87850774}
		{AF56F383-AC28-4C0E-9846-846C99AB3951} = {66CEBC0A-234B-4265-A2AB-85ABEA1CFE63}
		{B7A51C71-749C-4445-AF3B-FB5D15CBE90B} = {195C7661-0A8E-4465-A05C-6D94F329C31C}
		{9B6830CE-C59D-4E50-A0DE-6F17C4181166} = {195C7661-0A8E-4465-A05C-6D94F329C31C}
		{E776ECCC-706F-40B0-85ED-D5F1E563D2ED} = {195C7661-0A8E-4465-A05C-6D94F329C31C}
		{148C8529-EDB3-4FBF-B4F3-61F24057898C} = {195C7661-0A8E-4465-A05C-6D94F329C31C}
		{BDF9A5B5-0C7A-4680-81A7-405751BF5834} = {195C7661-0A8E-4465-A05C-6D94F329C31C}
		{152EB797-F515-4F7E-B284-2E0B5EC99AE6} = {195C7661-0A8E-4465-A05C-6D94F329C31C}
		{DD2C22C8-7572-4337-8ECB-D252A58AF2EF} = {CFFDD93E-87D1-4DD5-9C38-088B23C78A0C}
		{95A77BE5-F3F9-4066-A0A8-DEC9E9EFB96A} = {CFFDD93E-87D1-4DD5-9C38-088B23C78A0C}
		{1E4A33B7-5DD4-4EEA-8793-74243611DEC7} = {195C7661-0A8E-4465-A05C-6D94F329C31C}
		{0F58F1E3-355C-4B08-B8F4-FD487BFF6C79} = {F6150F02-B135-42CB-AFD9-30FC87850774}
		{7ED20576-BA40-474C-9F49-AA24828BB8B9} = {66CEBC0A-234B-4265-A2AB-85ABEA1CFE63}
		{80D5D57C-75EC-4DFC-B96C-572BAD1C7BB1} = {195C7661-0A8E-4465-A05C-6D94F329C31C}
		{FA77E3F3-2255-471D-8794-B0CC43E93E2B} = {CFFDD93E-87D1-4DD5-9C38-088B23C78A0C}
		{CF4FA0B6-FCD3-4312-B94F-F9450162CEF2} = {CFFDD93E-87D1-4DD5-9C38-088B23C78A0C}
		{FD76D2A3-DE4C-45BE-BD1B-A1980E4F76DB} = {CFFDD93E-87D1-4DD5-9C38-088B23C78A0C}
		{8B301F95-C931-476B-AE0F-62AD5E4A3517} = {CFFDD93E-87D1-4DD5-9C38-088B23C78A0C}
		{4C816C86-E177-476E-B48B-BADE7A0C22A9} = {CFFDD93E-87D1-4DD5-9C38-088B23C78A0C}
		{7B3AB14A-A0F7-4885-9696-601DF5370A23} = {CFFDD93E-87D1-4DD5-9C38-088B23C78A0C}
		{E0622074-B0EA-407E-8DFE-975BC1C603E2} = {CFFDD93E-87D1-4DD5-9C38-088B23C78A0C}
		{42A34418-9507-4EC6-A463-299FA5644A6F} = {CFFDD93E-87D1-4DD5-9C38-088B23C78A0C}
	EndGlobalSection
EndGlobal
